
Microsoft Visual Studio Solution File, Format Version 12.00
# Visual Studio Version 17
VisualStudioVersion = 17.9.34728.123
MinimumVisualStudioVersion = 10.0.40219.1
Project("{9A19103F-16F7-4668-BE54-9A1E7A4F7556}") = "ConsoleApp", "ConsoleApp\ConsoleApp.csproj", "{CA228A66-1ADE-4D72-8D2E-3259BC0F0C03}"
EndProject
Project("{9A19103F-16F7-4668-BE54-9A1E7A4F7556}") = "Tests", "Tests\Tests.csproj", "{D5FE08C2-EA8B-45B7-91EC-0A7280224B6C}"
EndProject
Project("{9A19103F-16F7-4668-BE54-9A1E7A4F7556}") = "Librarian", "Librarian\Librarian.csproj", "{8CFA1DC9-8E31-4D94-986F-CD3D5FFE9E30}"
EndProject
Global
	GlobalSection(SolutionConfigurationPlatforms) = preSolution
		Debug|Any CPU = Debug|Any CPU
		Release|Any CPU = Release|Any CPU
	EndGlobalSection
	GlobalSection(ProjectConfigurationPlatforms) = postSolution
		{CA228A66-1ADE-4D72-8D2E-3259BC0F0C03}.Debug|Any CPU.ActiveCfg = Debug|Any CPU
		{CA228A66-1ADE-4D72-8D2E-3259BC0F0C03}.Debug|Any CPU.Build.0 = Debug|Any CPU
		{CA228A66-1ADE-4D72-8D2E-3259BC0F0C03}.Release|Any CPU.ActiveCfg = Release|Any CPU
		{CA228A66-1ADE-4D72-8D2E-3259BC0F0C03}.Release|Any CPU.Build.0 = Release|Any CPU
		{D5FE08C2-EA8B-45B7-91EC-0A7280224B6C}.Debug|Any CPU.ActiveCfg = Debug|Any CPU
		{D5FE08C2-EA8B-45B7-91EC-0A7280224B6C}.Debug|Any CPU.Build.0 = Debug|Any CPU
		{D5FE08C2-EA8B-45B7-91EC-0A7280224B6C}.Release|Any CPU.ActiveCfg = Release|Any CPU
		{D5FE08C2-EA8B-45B7-91EC-0A7280224B6C}.Release|Any CPU.Build.0 = Release|Any CPU
		{8CFA1DC9-8E31-4D94-986F-CD3D5FFE9E30}.Debug|Any CPU.ActiveCfg = Debug|Any CPU
		{8CFA1DC9-8E31-4D94-986F-CD3D5FFE9E30}.Debug|Any CPU.Build.0 = Debug|Any CPU
		{8CFA1DC9-8E31-4D94-986F-CD3D5FFE9E30}.Release|Any CPU.ActiveCfg = Release|Any CPU
		{8CFA1DC9-8E31-4D94-986F-CD3D5FFE9E30}.Release|Any CPU.Build.0 = Release|Any CPU
	EndGlobalSection
	GlobalSection(SolutionProperties) = preSolution
		HideSolutionNode = FALSE
	EndGlobalSection
	GlobalSection(ExtensibilityGlobals) = postSolution
		SolutionGuid = {5A161EBB-6258-4263-AC57-42180D1B5B4C}
	EndGlobalSection
EndGlobal
