
Microsoft Visual Studio Solution File, Format Version 12.00
# Visual Studio Version 17
VisualStudioVersion = 17.9.34728.123
MinimumVisualStudioVersion = 10.0.40219.1
Project("{9A19103F-16F7-4668-BE54-9A1E7A4F7556}") = "Librarian.Application", "Librarian.Application\Librarian.Application.csproj", "{C7C615D5-086D-474E-9F8A-E01E7B8206B9}"
EndProject
Project("{9A19103F-16F7-4668-BE54-9A1E7A4F7556}") = "Librarian.Domain", "Librarian.Domain\Librarian.Domain.csproj", "{9926A7EB-38D0-4745-80E5-A28991FFA8F8}"
EndProject
Project("{9A19103F-16F7-4668-BE54-9A1E7A4F7556}") = "Librarian.Infrastructure", "Librarian.Infrastructure\Librarian.Infrastructure.csproj", "{4E0A8C5D-8224-474B-AD33-AD347722CE87}"
EndProject
Project("{9A19103F-16F7-4668-BE54-9A1E7A4F7556}") = "Librarian.ConsoleApp", "Librarian.Presentation.ConsoleApp\Librarian.ConsoleApp.csproj", "{4D25F516-6A63-427B-864F-9AC12D29EE15}"
EndProject
Global
	GlobalSection(SolutionConfigurationPlatforms) = preSolution
		Debug|Any CPU = Debug|Any CPU
		Release|Any CPU = Release|Any CPU
	EndGlobalSection
	GlobalSection(ProjectConfigurationPlatforms) = postSolution
		{C7C615D5-086D-474E-9F8A-E01E7B8206B9}.Debug|Any CPU.ActiveCfg = Debug|Any CPU
		{C7C615D5-086D-474E-9F8A-E01E7B8206B9}.Debug|Any CPU.Build.0 = Debug|Any CPU
		{C7C615D5-086D-474E-9F8A-E01E7B8206B9}.Release|Any CPU.ActiveCfg = Release|Any CPU
		{C7C615D5-086D-474E-9F8A-E01E7B8206B9}.Release|Any CPU.Build.0 = Release|Any CPU
		{9926A7EB-38D0-4745-80E5-A28991FFA8F8}.Debug|Any CPU.ActiveCfg = Debug|Any CPU
		{9926A7EB-38D0-4745-80E5-A28991FFA8F8}.Debug|Any CPU.Build.0 = Debug|Any CPU
		{9926A7EB-38D0-4745-80E5-A28991FFA8F8}.Release|Any CPU.ActiveCfg = Release|Any CPU
		{9926A7EB-38D0-4745-80E5-A28991FFA8F8}.Release|Any CPU.Build.0 = Release|Any CPU
		{4E0A8C5D-8224-474B-AD33-AD347722CE87}.Debug|Any CPU.ActiveCfg = Debug|Any CPU
		{4E0A8C5D-8224-474B-AD33-AD347722CE87}.Debug|Any CPU.Build.0 = Debug|Any CPU
		{4E0A8C5D-8224-474B-AD33-AD347722CE87}.Release|Any CPU.ActiveCfg = Release|Any CPU
		{4E0A8C5D-8224-474B-AD33-AD347722CE87}.Release|Any CPU.Build.0 = Release|Any CPU
		{4D25F516-6A63-427B-864F-9AC12D29EE15}.Debug|Any CPU.ActiveCfg = Debug|Any CPU
		{4D25F516-6A63-427B-864F-9AC12D29EE15}.Debug|Any CPU.Build.0 = Debug|Any CPU
		{4D25F516-6A63-427B-864F-9AC12D29EE15}.Release|Any CPU.ActiveCfg = Release|Any CPU
		{4D25F516-6A63-427B-864F-9AC12D29EE15}.Release|Any CPU.Build.0 = Release|Any CPU
	EndGlobalSection
	GlobalSection(SolutionProperties) = preSolution
		HideSolutionNode = FALSE
	EndGlobalSection
	GlobalSection(ExtensibilityGlobals) = postSolution
		SolutionGuid = {5A161EBB-6258-4263-AC57-42180D1B5B4C}
	EndGlobalSection
EndGlobal
